{
  "name": "nc-proj-ios-spiking",
  "lockfileVersion": 3,
  "requires": true,
  "packages": {
    "": {
      "dependencies": {
        "expo-client": "^0.0.0"
      }
    },
    "node_modules/expo-client": {
      "version": "0.0.0",
      "resolved": "https://registry.npmjs.org/expo-client/-/expo-client-0.0.0.tgz",
      "integrity": "sha512-jICpMjy92ET7dbjAcB0xLmwVrCNcuEFaLqRZNzRJ0C7okjvqnLdybvv5FXqQwIiyZnWHx/eWxk4lVMVF0ohU0w=="
    }
  }
}
